
Microsoft Visual Studio Solution File, Format Version 12.00
# Visual Studio 15
VisualStudioVersion = 15.0.26228.9
MinimumVisualStudioVersion = 10.0.40219.1
Project("{FAE04EC0-301F-11D3-BF4B-00C04F79EFBC}") = "CsharpCourse", "CsharpCourse\CsharpCourse.csproj", "{24DA5772-D3E9-4DB6-BF7C-4ACCC124AF13}"
EndProject
Project("{FAE04EC0-301F-11D3-BF4B-00C04F79EFBC}") = "HomeWork1", "HomeWork1\HomeWork1.csproj", "{CBE0AB42-7A36-46F5-BCED-07BA85D4A469}"
EndProject
Project("{FAE04EC0-301F-11D3-BF4B-00C04F79EFBC}") = "HomeWork2", "HomeWork2\HomeWork2.csproj", "{F7DD0899-8BF7-4F07-8CB6-505657C0DDD4}"
EndProject
Project("{FAE04EC0-301F-11D3-BF4B-00C04F79EFBC}") = "Lesson1", "Lesson1\Lesson1.csproj", "{303B426D-669D-4827-8504-728F642B843A}"
EndProject
Project("{FAE04EC0-301F-11D3-BF4B-00C04F79EFBC}") = "Lesson2", "Lesson2\Lesson2.csproj", "{6DDF6DA8-8AA2-433D-98B5-09F42349D6BA}"
EndProject
Project("{FAE04EC0-301F-11D3-BF4B-00C04F79EFBC}") = "Common", "Common\Common.csproj", "{EEDBF5AD-D2A9-400C-815B-4239ED8460BF}"
EndProject
Project("{FAE04EC0-301F-11D3-BF4B-00C04F79EFBC}") = "HomeWork3", "HomeWork3\HomeWork3.csproj", "{057A1B0B-444D-4EB5-9C09-2BCE3FABDE1E}"
EndProject
Project("{FAE04EC0-301F-11D3-BF4B-00C04F79EFBC}") = "Lesson3", "Lesson3\Lesson3.csproj", "{0B0ED631-8345-4F00-B59D-277322EEEC99}"
EndProject
Project("{FAE04EC0-301F-11D3-BF4B-00C04F79EFBC}") = "HomeWork4", "HomeWork4\HomeWork4.csproj", "{3AE59109-ADD0-4295-A463-3156A399D5F5}"
EndProject
Project("{FAE04EC0-301F-11D3-BF4B-00C04F79EFBC}") = "Lesson4", "Lesson4\Lesson4.csproj", "{EB18B039-9403-47F7-B998-34BFCE7194AC}"
EndProject
Project("{FAE04EC0-301F-11D3-BF4B-00C04F79EFBC}") = "HomeWork6", "HomeWork6\HomeWork6.csproj", "{C9F78D3B-4F17-49CD-9552-508CB6168AF6}"
EndProject
Project("{FAE04EC0-301F-11D3-BF4B-00C04F79EFBC}") = "HomeWork7", "HomeWork7\HomeWork7.csproj", "{F2753B75-CEEC-4A9D-9F50-951D0EC91952}"
EndProject
Project("{FAE04EC0-301F-11D3-BF4B-00C04F79EFBC}") = "HomeWork5", "HomeWork5\HomeWork5.csproj", "{8C93A995-9A47-4560-9658-2AF9E6D91A72}"
EndProject
Project("{FAE04EC0-301F-11D3-BF4B-00C04F79EFBC}") = "HomeWork8", "HomeWork8\HomeWork8.csproj", "{79A5A580-C504-47C6-934C-982466FE0678}"
EndProject
Global
	GlobalSection(SolutionConfigurationPlatforms) = preSolution
		Debug|Any CPU = Debug|Any CPU
		Release|Any CPU = Release|Any CPU
	EndGlobalSection
	GlobalSection(ProjectConfigurationPlatforms) = postSolution
		{24DA5772-D3E9-4DB6-BF7C-4ACCC124AF13}.Debug|Any CPU.ActiveCfg = Debug|Any CPU
		{24DA5772-D3E9-4DB6-BF7C-4ACCC124AF13}.Debug|Any CPU.Build.0 = Debug|Any CPU
		{24DA5772-D3E9-4DB6-BF7C-4ACCC124AF13}.Release|Any CPU.ActiveCfg = Release|Any CPU
		{24DA5772-D3E9-4DB6-BF7C-4ACCC124AF13}.Release|Any CPU.Build.0 = Release|Any CPU
		{CBE0AB42-7A36-46F5-BCED-07BA85D4A469}.Debug|Any CPU.ActiveCfg = Debug|Any CPU
		{CBE0AB42-7A36-46F5-BCED-07BA85D4A469}.Debug|Any CPU.Build.0 = Debug|Any CPU
		{CBE0AB42-7A36-46F5-BCED-07BA85D4A469}.Release|Any CPU.ActiveCfg = Release|Any CPU
		{CBE0AB42-7A36-46F5-BCED-07BA85D4A469}.Release|Any CPU.Build.0 = Release|Any CPU
		{F7DD0899-8BF7-4F07-8CB6-505657C0DDD4}.Debug|Any CPU.ActiveCfg = Debug|Any CPU
		{F7DD0899-8BF7-4F07-8CB6-505657C0DDD4}.Debug|Any CPU.Build.0 = Debug|Any CPU
		{F7DD0899-8BF7-4F07-8CB6-505657C0DDD4}.Release|Any CPU.ActiveCfg = Release|Any CPU
		{F7DD0899-8BF7-4F07-8CB6-505657C0DDD4}.Release|Any CPU.Build.0 = Release|Any CPU
		{303B426D-669D-4827-8504-728F642B843A}.Debug|Any CPU.ActiveCfg = Debug|Any CPU
		{303B426D-669D-4827-8504-728F642B843A}.Debug|Any CPU.Build.0 = Debug|Any CPU
		{303B426D-669D-4827-8504-728F642B843A}.Release|Any CPU.ActiveCfg = Release|Any CPU
		{303B426D-669D-4827-8504-728F642B843A}.Release|Any CPU.Build.0 = Release|Any CPU
		{6DDF6DA8-8AA2-433D-98B5-09F42349D6BA}.Debug|Any CPU.ActiveCfg = Debug|Any CPU
		{6DDF6DA8-8AA2-433D-98B5-09F42349D6BA}.Debug|Any CPU.Build.0 = Debug|Any CPU
		{6DDF6DA8-8AA2-433D-98B5-09F42349D6BA}.Release|Any CPU.ActiveCfg = Release|Any CPU
		{6DDF6DA8-8AA2-433D-98B5-09F42349D6BA}.Release|Any CPU.Build.0 = Release|Any CPU
		{EEDBF5AD-D2A9-400C-815B-4239ED8460BF}.Debug|Any CPU.ActiveCfg = Debug|Any CPU
		{EEDBF5AD-D2A9-400C-815B-4239ED8460BF}.Debug|Any CPU.Build.0 = Debug|Any CPU
		{EEDBF5AD-D2A9-400C-815B-4239ED8460BF}.Release|Any CPU.ActiveCfg = Release|Any CPU
		{EEDBF5AD-D2A9-400C-815B-4239ED8460BF}.Release|Any CPU.Build.0 = Release|Any CPU
		{057A1B0B-444D-4EB5-9C09-2BCE3FABDE1E}.Debug|Any CPU.ActiveCfg = Debug|Any CPU
		{057A1B0B-444D-4EB5-9C09-2BCE3FABDE1E}.Debug|Any CPU.Build.0 = Debug|Any CPU
		{057A1B0B-444D-4EB5-9C09-2BCE3FABDE1E}.Release|Any CPU.ActiveCfg = Release|Any CPU
		{057A1B0B-444D-4EB5-9C09-2BCE3FABDE1E}.Release|Any CPU.Build.0 = Release|Any CPU
		{0B0ED631-8345-4F00-B59D-277322EEEC99}.Debug|Any CPU.ActiveCfg = Debug|Any CPU
		{0B0ED631-8345-4F00-B59D-277322EEEC99}.Debug|Any CPU.Build.0 = Debug|Any CPU
		{0B0ED631-8345-4F00-B59D-277322EEEC99}.Release|Any CPU.ActiveCfg = Release|Any CPU
		{0B0ED631-8345-4F00-B59D-277322EEEC99}.Release|Any CPU.Build.0 = Release|Any CPU
		{3AE59109-ADD0-4295-A463-3156A399D5F5}.Debug|Any CPU.ActiveCfg = Debug|Any CPU
		{3AE59109-ADD0-4295-A463-3156A399D5F5}.Debug|Any CPU.Build.0 = Debug|Any CPU
		{3AE59109-ADD0-4295-A463-3156A399D5F5}.Release|Any CPU.ActiveCfg = Release|Any CPU
		{3AE59109-ADD0-4295-A463-3156A399D5F5}.Release|Any CPU.Build.0 = Release|Any CPU
		{EB18B039-9403-47F7-B998-34BFCE7194AC}.Debug|Any CPU.ActiveCfg = Debug|Any CPU
		{EB18B039-9403-47F7-B998-34BFCE7194AC}.Debug|Any CPU.Build.0 = Debug|Any CPU
		{EB18B039-9403-47F7-B998-34BFCE7194AC}.Release|Any CPU.ActiveCfg = Release|Any CPU
		{EB18B039-9403-47F7-B998-34BFCE7194AC}.Release|Any CPU.Build.0 = Release|Any CPU
		{C9F78D3B-4F17-49CD-9552-508CB6168AF6}.Debug|Any CPU.ActiveCfg = Debug|Any CPU
		{C9F78D3B-4F17-49CD-9552-508CB6168AF6}.Debug|Any CPU.Build.0 = Debug|Any CPU
		{C9F78D3B-4F17-49CD-9552-508CB6168AF6}.Release|Any CPU.ActiveCfg = Release|Any CPU
		{C9F78D3B-4F17-49CD-9552-508CB6168AF6}.Release|Any CPU.Build.0 = Release|Any CPU
		{F2753B75-CEEC-4A9D-9F50-951D0EC91952}.Debug|Any CPU.ActiveCfg = Debug|Any CPU
		{F2753B75-CEEC-4A9D-9F50-951D0EC91952}.Debug|Any CPU.Build.0 = Debug|Any CPU
		{F2753B75-CEEC-4A9D-9F50-951D0EC91952}.Release|Any CPU.ActiveCfg = Release|Any CPU
		{F2753B75-CEEC-4A9D-9F50-951D0EC91952}.Release|Any CPU.Build.0 = Release|Any CPU
		{8C93A995-9A47-4560-9658-2AF9E6D91A72}.Debug|Any CPU.ActiveCfg = Debug|Any CPU
		{8C93A995-9A47-4560-9658-2AF9E6D91A72}.Debug|Any CPU.Build.0 = Debug|Any CPU
		{8C93A995-9A47-4560-9658-2AF9E6D91A72}.Release|Any CPU.ActiveCfg = Release|Any CPU
		{8C93A995-9A47-4560-9658-2AF9E6D91A72}.Release|Any CPU.Build.0 = Release|Any CPU
		{79A5A580-C504-47C6-934C-982466FE0678}.Debug|Any CPU.ActiveCfg = Debug|Any CPU
		{79A5A580-C504-47C6-934C-982466FE0678}.Debug|Any CPU.Build.0 = Debug|Any CPU
		{79A5A580-C504-47C6-934C-982466FE0678}.Release|Any CPU.ActiveCfg = Release|Any CPU
		{79A5A580-C504-47C6-934C-982466FE0678}.Release|Any CPU.Build.0 = Release|Any CPU
	EndGlobalSection
	GlobalSection(SolutionProperties) = preSolution
		HideSolutionNode = FALSE
	EndGlobalSection
EndGlobal
